
Microsoft Visual Studio Solution File, Format Version 12.00
# Visual Studio Express 2012 for Windows Desktop
Project("{FAE04EC0-301F-11D3-BF4B-00C04F79EFBC}") = "WindowsFormsApplication1", "WindowsFormsApplication1\WindowsFormsApplication1.csproj", "{EC345DE6-5DA4-477F-A117-5ACF9B03726D}"
EndProject
Global
	GlobalSection(SolutionConfigurationPlatforms) = preSolution
		Debug|Any CPU = Debug|Any CPU
		Release|Any CPU = Release|Any CPU
	EndGlobalSection
	GlobalSection(ProjectConfigurationPlatforms) = postSolution
		{EC345DE6-5DA4-477F-A117-5ACF9B03726D}.Debug|Any CPU.ActiveCfg = Debug|Any CPU
		{EC345DE6-5DA4-477F-A117-5ACF9B03726D}.Debug|Any CPU.Build.0 = Debug|Any CPU
		{EC345DE6-5DA4-477F-A117-5ACF9B03726D}.Release|Any CPU.ActiveCfg = Release|Any CPU
		{EC345DE6-5DA4-477F-A117-5ACF9B03726D}.Release|Any CPU.Build.0 = Release|Any CPU
	EndGlobalSection
	GlobalSection(SolutionProperties) = preSolution
		HideSolutionNode = FALSE
	EndGlobalSection
EndGlobal
